
Microsoft Visual Studio Solution File, Format Version 12.00
# Visual Studio Version 17
VisualStudioVersion = 17.12.35527.113
MinimumVisualStudioVersion = 10.0.40219.1
Project("{2150E333-8FDC-42A3-9474-1A3956D46DE8}") = "src", "src", "{A8D55A52-87BD-40FE-9740-30C4B5FFAEFA}"
EndProject
Project("{2150E333-8FDC-42A3-9474-1A3956D46DE8}") = "test", "test", "{5B347631-8421-4932-A033-1DBC4D9A1F78}"
EndProject
Project("{2150E333-8FDC-42A3-9474-1A3956D46DE8}") = "API", "API", "{E8095F9B-E359-4AB7-AEC9-D8425F437FA5}"
EndProject
Project("{2150E333-8FDC-42A3-9474-1A3956D46DE8}") = "UI", "UI", "{33311C3C-5C96-4736-A3FD-692E1E32E9AE}"
EndProject
Project("{FAE04EC0-301F-11D3-BF4B-00C04F79EFBC}") = "API", "API\API.csproj", "{62DC83C2-3CAD-44FA-956E-5A5049FFF7EB}"
EndProject
Project("{FAE04EC0-301F-11D3-BF4B-00C04F79EFBC}") = "Domain", "Domain\Domain.csproj", "{184FE025-F34E-47E7-81EB-656674D92C23}"
EndProject
Project("{FAE04EC0-301F-11D3-BF4B-00C04F79EFBC}") = "Services.Abstractions", "Services.Abstractions\Services.Abstractions.csproj", "{936D4337-2061-4F9C-B8B3-D10689BCCEFD}"
EndProject
Project("{FAE04EC0-301F-11D3-BF4B-00C04F79EFBC}") = "Services", "Services\Services.csproj", "{7E806EB8-6BD9-46B6-A41E-220CF4FA81EE}"
EndProject
Project("{FAE04EC0-301F-11D3-BF4B-00C04F79EFBC}") = "Persistence", "Infrastructure\Persistence.csproj", "{C3C41387-C8E1-49D7-98F4-566ACEC2FE63}"
EndProject
Project("{2150E333-8FDC-42A3-9474-1A3956D46DE8}") = "Core", "Core", "{651BD4E6-D613-49C5-8F22-0F63E4E80986}"
EndProject
Project("{2150E333-8FDC-42A3-9474-1A3956D46DE8}") = "Infrastructures", "Infrastructures", "{D3C74800-8C58-454D-A232-BA291C7B37FB}"
EndProject
Project("{54A90642-561A-4BB1-A94E-469ADEE60C69}") = "skillsurgeui", "SkillSurge.UI\skillsurgeui.esproj", "{DD0CBEA7-22EC-4C5A-BEBA-3ED897F80228}"
EndProject
Global
	GlobalSection(SolutionConfigurationPlatforms) = preSolution
		Debug|Any CPU = Debug|Any CPU
		Release|Any CPU = Release|Any CPU
	EndGlobalSection
	GlobalSection(ProjectConfigurationPlatforms) = postSolution
		{62DC83C2-3CAD-44FA-956E-5A5049FFF7EB}.Debug|Any CPU.ActiveCfg = Debug|Any CPU
		{62DC83C2-3CAD-44FA-956E-5A5049FFF7EB}.Debug|Any CPU.Build.0 = Debug|Any CPU
		{62DC83C2-3CAD-44FA-956E-5A5049FFF7EB}.Release|Any CPU.ActiveCfg = Release|Any CPU
		{62DC83C2-3CAD-44FA-956E-5A5049FFF7EB}.Release|Any CPU.Build.0 = Release|Any CPU
		{184FE025-F34E-47E7-81EB-656674D92C23}.Debug|Any CPU.ActiveCfg = Debug|Any CPU
		{184FE025-F34E-47E7-81EB-656674D92C23}.Debug|Any CPU.Build.0 = Debug|Any CPU
		{184FE025-F34E-47E7-81EB-656674D92C23}.Release|Any CPU.ActiveCfg = Release|Any CPU
		{184FE025-F34E-47E7-81EB-656674D92C23}.Release|Any CPU.Build.0 = Release|Any CPU
		{936D4337-2061-4F9C-B8B3-D10689BCCEFD}.Debug|Any CPU.ActiveCfg = Debug|Any CPU
		{936D4337-2061-4F9C-B8B3-D10689BCCEFD}.Debug|Any CPU.Build.0 = Debug|Any CPU
		{936D4337-2061-4F9C-B8B3-D10689BCCEFD}.Release|Any CPU.ActiveCfg = Release|Any CPU
		{936D4337-2061-4F9C-B8B3-D10689BCCEFD}.Release|Any CPU.Build.0 = Release|Any CPU
		{7E806EB8-6BD9-46B6-A41E-220CF4FA81EE}.Debug|Any CPU.ActiveCfg = Debug|Any CPU
		{7E806EB8-6BD9-46B6-A41E-220CF4FA81EE}.Debug|Any CPU.Build.0 = Debug|Any CPU
		{7E806EB8-6BD9-46B6-A41E-220CF4FA81EE}.Release|Any CPU.ActiveCfg = Release|Any CPU
		{7E806EB8-6BD9-46B6-A41E-220CF4FA81EE}.Release|Any CPU.Build.0 = Release|Any CPU
		{C3C41387-C8E1-49D7-98F4-566ACEC2FE63}.Debug|Any CPU.ActiveCfg = Debug|Any CPU
		{C3C41387-C8E1-49D7-98F4-566ACEC2FE63}.Debug|Any CPU.Build.0 = Debug|Any CPU
		{C3C41387-C8E1-49D7-98F4-566ACEC2FE63}.Release|Any CPU.ActiveCfg = Release|Any CPU
		{C3C41387-C8E1-49D7-98F4-566ACEC2FE63}.Release|Any CPU.Build.0 = Release|Any CPU
		{DD0CBEA7-22EC-4C5A-BEBA-3ED897F80228}.Debug|Any CPU.ActiveCfg = Debug|Any CPU
		{DD0CBEA7-22EC-4C5A-BEBA-3ED897F80228}.Debug|Any CPU.Build.0 = Debug|Any CPU
		{DD0CBEA7-22EC-4C5A-BEBA-3ED897F80228}.Debug|Any CPU.Deploy.0 = Debug|Any CPU
		{DD0CBEA7-22EC-4C5A-BEBA-3ED897F80228}.Release|Any CPU.ActiveCfg = Release|Any CPU
		{DD0CBEA7-22EC-4C5A-BEBA-3ED897F80228}.Release|Any CPU.Build.0 = Release|Any CPU
		{DD0CBEA7-22EC-4C5A-BEBA-3ED897F80228}.Release|Any CPU.Deploy.0 = Release|Any CPU
	EndGlobalSection
	GlobalSection(SolutionProperties) = preSolution
		HideSolutionNode = FALSE
	EndGlobalSection
	GlobalSection(NestedProjects) = preSolution
		{E8095F9B-E359-4AB7-AEC9-D8425F437FA5} = {A8D55A52-87BD-40FE-9740-30C4B5FFAEFA}
		{33311C3C-5C96-4736-A3FD-692E1E32E9AE} = {A8D55A52-87BD-40FE-9740-30C4B5FFAEFA}
		{62DC83C2-3CAD-44FA-956E-5A5049FFF7EB} = {E8095F9B-E359-4AB7-AEC9-D8425F437FA5}
		{184FE025-F34E-47E7-81EB-656674D92C23} = {651BD4E6-D613-49C5-8F22-0F63E4E80986}
		{936D4337-2061-4F9C-B8B3-D10689BCCEFD} = {651BD4E6-D613-49C5-8F22-0F63E4E80986}
		{7E806EB8-6BD9-46B6-A41E-220CF4FA81EE} = {651BD4E6-D613-49C5-8F22-0F63E4E80986}
		{C3C41387-C8E1-49D7-98F4-566ACEC2FE63} = {D3C74800-8C58-454D-A232-BA291C7B37FB}
		{651BD4E6-D613-49C5-8F22-0F63E4E80986} = {E8095F9B-E359-4AB7-AEC9-D8425F437FA5}
		{D3C74800-8C58-454D-A232-BA291C7B37FB} = {E8095F9B-E359-4AB7-AEC9-D8425F437FA5}
		{DD0CBEA7-22EC-4C5A-BEBA-3ED897F80228} = {33311C3C-5C96-4736-A3FD-692E1E32E9AE}
	EndGlobalSection
EndGlobal
